
Microsoft Visual Studio Solution File, Format Version 12.00
Project("{FAE04EC0-301F-11D3-BF4B-00C04F79EFBC}") = "DealerBearTests", "DealerBearTests\DealerBearTests.csproj", "{6C5EB5C8-6EA8-417D-8D88-AE12A6C48F2B}"
EndProject
Project("{FAE04EC0-301F-11D3-BF4B-00C04F79EFBC}") = "DealerBear", "DealerBear\DealerBear.csproj", "{DC7338FB-436C-46BD-A76B-D6D0382C7438}"
EndProject
Project("{FAE04EC0-301F-11D3-BF4B-00C04F79EFBC}") = "PackBear", "PackBear\PackBear.csproj", "{13C750FD-8834-49CF-84E2-D5FBAE0B0401}"
EndProject
Project("{FAE04EC0-301F-11D3-BF4B-00C04F79EFBC}") = "PackBearTests", "PackBearTests\PackBearTests.csproj", "{A43DE028-262B-4E63-A793-FD94F20433F6}"
EndProject
Project("{FAE04EC0-301F-11D3-BF4B-00C04F79EFBC}") = "GameBearTests", "GameBearTests\GameBearTests.csproj", "{890EE3BB-8542-45DC-8FD2-638EDC095C38}"
EndProject
Project("{FAE04EC0-301F-11D3-BF4B-00C04F79EFBC}") = "IntegrationTests", "IntegrationTests\IntegrationTests.csproj", "{CC42A0B2-0EC4-4D0F-858D-6B3B257D75FD}"
EndProject
Project("{FAE04EC0-301F-11D3-BF4B-00C04F79EFBC}") = "GameBear", "GameBear\GameBear.csproj", "{99FC2098-965A-4170-8F60-CBC9A7682E44}"
EndProject
Project("{FAE04EC0-301F-11D3-BF4B-00C04F79EFBC}") = "Messages", "Messages\Messages.csproj", "{F0FDE475-0259-4194-BE70-C69605F94C34}"
EndProject
Global
	GlobalSection(SolutionConfigurationPlatforms) = preSolution
		Debug|Any CPU = Debug|Any CPU
		Release|Any CPU = Release|Any CPU
	EndGlobalSection
	GlobalSection(ProjectConfigurationPlatforms) = postSolution
		{6C5EB5C8-6EA8-417D-8D88-AE12A6C48F2B}.Debug|Any CPU.ActiveCfg = Debug|Any CPU
		{6C5EB5C8-6EA8-417D-8D88-AE12A6C48F2B}.Debug|Any CPU.Build.0 = Debug|Any CPU
		{6C5EB5C8-6EA8-417D-8D88-AE12A6C48F2B}.Release|Any CPU.ActiveCfg = Release|Any CPU
		{6C5EB5C8-6EA8-417D-8D88-AE12A6C48F2B}.Release|Any CPU.Build.0 = Release|Any CPU
		{DC7338FB-436C-46BD-A76B-D6D0382C7438}.Debug|Any CPU.ActiveCfg = Debug|Any CPU
		{DC7338FB-436C-46BD-A76B-D6D0382C7438}.Debug|Any CPU.Build.0 = Debug|Any CPU
		{DC7338FB-436C-46BD-A76B-D6D0382C7438}.Release|Any CPU.ActiveCfg = Release|Any CPU
		{DC7338FB-436C-46BD-A76B-D6D0382C7438}.Release|Any CPU.Build.0 = Release|Any CPU
		{13C750FD-8834-49CF-84E2-D5FBAE0B0401}.Debug|Any CPU.ActiveCfg = Debug|Any CPU
		{13C750FD-8834-49CF-84E2-D5FBAE0B0401}.Debug|Any CPU.Build.0 = Debug|Any CPU
		{13C750FD-8834-49CF-84E2-D5FBAE0B0401}.Release|Any CPU.ActiveCfg = Release|Any CPU
		{13C750FD-8834-49CF-84E2-D5FBAE0B0401}.Release|Any CPU.Build.0 = Release|Any CPU
		{A43DE028-262B-4E63-A793-FD94F20433F6}.Debug|Any CPU.ActiveCfg = Debug|Any CPU
		{A43DE028-262B-4E63-A793-FD94F20433F6}.Debug|Any CPU.Build.0 = Debug|Any CPU
		{A43DE028-262B-4E63-A793-FD94F20433F6}.Release|Any CPU.ActiveCfg = Release|Any CPU
		{A43DE028-262B-4E63-A793-FD94F20433F6}.Release|Any CPU.Build.0 = Release|Any CPU
		{890EE3BB-8542-45DC-8FD2-638EDC095C38}.Debug|Any CPU.ActiveCfg = Debug|Any CPU
		{890EE3BB-8542-45DC-8FD2-638EDC095C38}.Debug|Any CPU.Build.0 = Debug|Any CPU
		{890EE3BB-8542-45DC-8FD2-638EDC095C38}.Release|Any CPU.ActiveCfg = Release|Any CPU
		{890EE3BB-8542-45DC-8FD2-638EDC095C38}.Release|Any CPU.Build.0 = Release|Any CPU
		{CC42A0B2-0EC4-4D0F-858D-6B3B257D75FD}.Debug|Any CPU.ActiveCfg = Debug|Any CPU
		{CC42A0B2-0EC4-4D0F-858D-6B3B257D75FD}.Debug|Any CPU.Build.0 = Debug|Any CPU
		{CC42A0B2-0EC4-4D0F-858D-6B3B257D75FD}.Release|Any CPU.ActiveCfg = Release|Any CPU
		{CC42A0B2-0EC4-4D0F-858D-6B3B257D75FD}.Release|Any CPU.Build.0 = Release|Any CPU
		{99FC2098-965A-4170-8F60-CBC9A7682E44}.Debug|Any CPU.ActiveCfg = Debug|Any CPU
		{99FC2098-965A-4170-8F60-CBC9A7682E44}.Debug|Any CPU.Build.0 = Debug|Any CPU
		{99FC2098-965A-4170-8F60-CBC9A7682E44}.Release|Any CPU.ActiveCfg = Release|Any CPU
		{99FC2098-965A-4170-8F60-CBC9A7682E44}.Release|Any CPU.Build.0 = Release|Any CPU
		{F0FDE475-0259-4194-BE70-C69605F94C34}.Debug|Any CPU.ActiveCfg = Debug|Any CPU
		{F0FDE475-0259-4194-BE70-C69605F94C34}.Debug|Any CPU.Build.0 = Debug|Any CPU
		{F0FDE475-0259-4194-BE70-C69605F94C34}.Release|Any CPU.ActiveCfg = Release|Any CPU
		{F0FDE475-0259-4194-BE70-C69605F94C34}.Release|Any CPU.Build.0 = Release|Any CPU
	EndGlobalSection
EndGlobal
